
Microsoft Visual Studio Solution File, Format Version 12.00
# Visual Studio 15
Project("{FAE04EC0-301F-11D3-BF4B-00C04F79EFBC}") = "Task01", "Task01\Task01.csproj", "{EF32C3F8-7D2C-422B-8297-ABA52E62408F}"
EndProject
Project("{FAE04EC0-301F-11D3-BF4B-00C04F79EFBC}") = "Task02", "Task02\Task02.csproj", "{B16BDA58-30A7-4104-A592-E80D25C379FD}"
EndProject
Global
	GlobalSection(SolutionConfigurationPlatforms) = preSolution
		Debug|Any CPU = Debug|Any CPU
		Release|Any CPU = Release|Any CPU
	EndGlobalSection
	GlobalSection(ProjectConfigurationPlatforms) = postSolution
		{EF32C3F8-7D2C-422B-8297-ABA52E62408F}.Debug|Any CPU.ActiveCfg = Debug|Any CPU
		{EF32C3F8-7D2C-422B-8297-ABA52E62408F}.Debug|Any CPU.Build.0 = Debug|Any CPU
		{EF32C3F8-7D2C-422B-8297-ABA52E62408F}.Release|Any CPU.ActiveCfg = Release|Any CPU
		{EF32C3F8-7D2C-422B-8297-ABA52E62408F}.Release|Any CPU.Build.0 = Release|Any CPU
		{B16BDA58-30A7-4104-A592-E80D25C379FD}.Debug|Any CPU.ActiveCfg = Debug|Any CPU
		{B16BDA58-30A7-4104-A592-E80D25C379FD}.Debug|Any CPU.Build.0 = Debug|Any CPU
		{B16BDA58-30A7-4104-A592-E80D25C379FD}.Release|Any CPU.ActiveCfg = Release|Any CPU
		{B16BDA58-30A7-4104-A592-E80D25C379FD}.Release|Any CPU.Build.0 = Release|Any CPU
	EndGlobalSection
EndGlobal
