
Microsoft Visual Studio Solution File, Format Version 12.00
# Visual Studio 15
Project("{FAE04EC0-301F-11D3-BF4B-00C04F79EFBC}") = "Task01", "Task01\Task01.csproj", "{5399DC05-B4FD-4BF6-BC5A-8994D019690B}"
EndProject
Project("{FAE04EC0-301F-11D3-BF4B-00C04F79EFBC}") = "Task02", "Task02\Task02.csproj", "{A249BAAE-CBC6-458A-AEE4-2BEABB3DAE06}"
EndProject
Project("{FAE04EC0-301F-11D3-BF4B-00C04F79EFBC}") = "Task03", "Task03\Task03.csproj", "{DE52BDA7-9CC6-45FC-B72F-F0910DA7EE6E}"
EndProject
Project("{FAE04EC0-301F-11D3-BF4B-00C04F79EFBC}") = "Task04", "Task04\Task04.csproj", "{4721B7AA-D4A9-4D6E-90FB-DA4B4105ACA2}"
EndProject
Global
	GlobalSection(SolutionConfigurationPlatforms) = preSolution
		Debug|Any CPU = Debug|Any CPU
		Release|Any CPU = Release|Any CPU
	EndGlobalSection
	GlobalSection(ProjectConfigurationPlatforms) = postSolution
		{5399DC05-B4FD-4BF6-BC5A-8994D019690B}.Debug|Any CPU.ActiveCfg = Debug|Any CPU
		{5399DC05-B4FD-4BF6-BC5A-8994D019690B}.Debug|Any CPU.Build.0 = Debug|Any CPU
		{5399DC05-B4FD-4BF6-BC5A-8994D019690B}.Release|Any CPU.ActiveCfg = Release|Any CPU
		{5399DC05-B4FD-4BF6-BC5A-8994D019690B}.Release|Any CPU.Build.0 = Release|Any CPU
		{A249BAAE-CBC6-458A-AEE4-2BEABB3DAE06}.Debug|Any CPU.ActiveCfg = Debug|Any CPU
		{A249BAAE-CBC6-458A-AEE4-2BEABB3DAE06}.Debug|Any CPU.Build.0 = Debug|Any CPU
		{A249BAAE-CBC6-458A-AEE4-2BEABB3DAE06}.Release|Any CPU.ActiveCfg = Release|Any CPU
		{A249BAAE-CBC6-458A-AEE4-2BEABB3DAE06}.Release|Any CPU.Build.0 = Release|Any CPU
		{DE52BDA7-9CC6-45FC-B72F-F0910DA7EE6E}.Debug|Any CPU.ActiveCfg = Debug|Any CPU
		{DE52BDA7-9CC6-45FC-B72F-F0910DA7EE6E}.Debug|Any CPU.Build.0 = Debug|Any CPU
		{DE52BDA7-9CC6-45FC-B72F-F0910DA7EE6E}.Release|Any CPU.ActiveCfg = Release|Any CPU
		{DE52BDA7-9CC6-45FC-B72F-F0910DA7EE6E}.Release|Any CPU.Build.0 = Release|Any CPU
		{4721B7AA-D4A9-4D6E-90FB-DA4B4105ACA2}.Debug|Any CPU.ActiveCfg = Debug|Any CPU
		{4721B7AA-D4A9-4D6E-90FB-DA4B4105ACA2}.Debug|Any CPU.Build.0 = Debug|Any CPU
		{4721B7AA-D4A9-4D6E-90FB-DA4B4105ACA2}.Release|Any CPU.ActiveCfg = Release|Any CPU
		{4721B7AA-D4A9-4D6E-90FB-DA4B4105ACA2}.Release|Any CPU.Build.0 = Release|Any CPU
	EndGlobalSection
EndGlobal
