
Microsoft Visual Studio Solution File, Format Version 12.00
# Visual Studio 15
Project("{FAE04EC0-301F-11D3-BF4B-00C04F79EFBC}") = "Task01", "Task01\Task01.csproj", "{56A85DF0-64D8-42A6-86B8-ACB0C67E5C67}"
EndProject
Project("{FAE04EC0-301F-11D3-BF4B-00C04F79EFBC}") = "Task02", "Task02\Task02.csproj", "{8D9C08BB-AF7C-4A8C-8F24-37939BA0225D}"
EndProject
Project("{FAE04EC0-301F-11D3-BF4B-00C04F79EFBC}") = "Task03", "Task03\Task03.csproj", "{F4DC2C05-0731-4412-B3E1-BC70FD6592A6}"
EndProject
Project("{FAE04EC0-301F-11D3-BF4B-00C04F79EFBC}") = "Task04", "Task04\Task04.csproj", "{6F23B1EA-ED51-4FB7-BFE6-CED7957E0505}"
EndProject
Project("{FAE04EC0-301F-11D3-BF4B-00C04F79EFBC}") = "Task05", "Task05\Task05.csproj", "{1CDCAC98-F4CC-443B-965A-A7449FA4693F}"
EndProject
Project("{FAE04EC0-301F-11D3-BF4B-00C04F79EFBC}") = "Task06", "Task06\Task06.csproj", "{5ECB3381-B43B-40C9-9CB6-3D1C6A1300E6}"
EndProject
Project("{FAE04EC0-301F-11D3-BF4B-00C04F79EFBC}") = "Task07", "Task07\Task07.csproj", "{E4128E04-8749-4BFF-8935-A08A4FAD48AE}"
EndProject
Project("{FAE04EC0-301F-11D3-BF4B-00C04F79EFBC}") = "Task08", "Task08\Task08.csproj", "{B4A71F54-4208-435C-98E1-A0EAC4072642}"
EndProject
Global
	GlobalSection(SolutionConfigurationPlatforms) = preSolution
		Debug|Any CPU = Debug|Any CPU
		Release|Any CPU = Release|Any CPU
	EndGlobalSection
	GlobalSection(ProjectConfigurationPlatforms) = postSolution
		{56A85DF0-64D8-42A6-86B8-ACB0C67E5C67}.Debug|Any CPU.ActiveCfg = Debug|Any CPU
		{56A85DF0-64D8-42A6-86B8-ACB0C67E5C67}.Debug|Any CPU.Build.0 = Debug|Any CPU
		{56A85DF0-64D8-42A6-86B8-ACB0C67E5C67}.Release|Any CPU.ActiveCfg = Release|Any CPU
		{56A85DF0-64D8-42A6-86B8-ACB0C67E5C67}.Release|Any CPU.Build.0 = Release|Any CPU
		{8D9C08BB-AF7C-4A8C-8F24-37939BA0225D}.Debug|Any CPU.ActiveCfg = Debug|Any CPU
		{8D9C08BB-AF7C-4A8C-8F24-37939BA0225D}.Debug|Any CPU.Build.0 = Debug|Any CPU
		{8D9C08BB-AF7C-4A8C-8F24-37939BA0225D}.Release|Any CPU.ActiveCfg = Release|Any CPU
		{8D9C08BB-AF7C-4A8C-8F24-37939BA0225D}.Release|Any CPU.Build.0 = Release|Any CPU
		{F4DC2C05-0731-4412-B3E1-BC70FD6592A6}.Debug|Any CPU.ActiveCfg = Debug|Any CPU
		{F4DC2C05-0731-4412-B3E1-BC70FD6592A6}.Debug|Any CPU.Build.0 = Debug|Any CPU
		{F4DC2C05-0731-4412-B3E1-BC70FD6592A6}.Release|Any CPU.ActiveCfg = Release|Any CPU
		{F4DC2C05-0731-4412-B3E1-BC70FD6592A6}.Release|Any CPU.Build.0 = Release|Any CPU
		{6F23B1EA-ED51-4FB7-BFE6-CED7957E0505}.Debug|Any CPU.ActiveCfg = Debug|Any CPU
		{6F23B1EA-ED51-4FB7-BFE6-CED7957E0505}.Debug|Any CPU.Build.0 = Debug|Any CPU
		{6F23B1EA-ED51-4FB7-BFE6-CED7957E0505}.Release|Any CPU.ActiveCfg = Release|Any CPU
		{6F23B1EA-ED51-4FB7-BFE6-CED7957E0505}.Release|Any CPU.Build.0 = Release|Any CPU
		{1CDCAC98-F4CC-443B-965A-A7449FA4693F}.Debug|Any CPU.ActiveCfg = Debug|Any CPU
		{1CDCAC98-F4CC-443B-965A-A7449FA4693F}.Debug|Any CPU.Build.0 = Debug|Any CPU
		{1CDCAC98-F4CC-443B-965A-A7449FA4693F}.Release|Any CPU.ActiveCfg = Release|Any CPU
		{1CDCAC98-F4CC-443B-965A-A7449FA4693F}.Release|Any CPU.Build.0 = Release|Any CPU
		{5ECB3381-B43B-40C9-9CB6-3D1C6A1300E6}.Debug|Any CPU.ActiveCfg = Debug|Any CPU
		{5ECB3381-B43B-40C9-9CB6-3D1C6A1300E6}.Debug|Any CPU.Build.0 = Debug|Any CPU
		{5ECB3381-B43B-40C9-9CB6-3D1C6A1300E6}.Release|Any CPU.ActiveCfg = Release|Any CPU
		{5ECB3381-B43B-40C9-9CB6-3D1C6A1300E6}.Release|Any CPU.Build.0 = Release|Any CPU
		{E4128E04-8749-4BFF-8935-A08A4FAD48AE}.Debug|Any CPU.ActiveCfg = Debug|Any CPU
		{E4128E04-8749-4BFF-8935-A08A4FAD48AE}.Debug|Any CPU.Build.0 = Debug|Any CPU
		{E4128E04-8749-4BFF-8935-A08A4FAD48AE}.Release|Any CPU.ActiveCfg = Release|Any CPU
		{E4128E04-8749-4BFF-8935-A08A4FAD48AE}.Release|Any CPU.Build.0 = Release|Any CPU
		{B4A71F54-4208-435C-98E1-A0EAC4072642}.Debug|Any CPU.ActiveCfg = Debug|Any CPU
		{B4A71F54-4208-435C-98E1-A0EAC4072642}.Debug|Any CPU.Build.0 = Debug|Any CPU
		{B4A71F54-4208-435C-98E1-A0EAC4072642}.Release|Any CPU.ActiveCfg = Release|Any CPU
		{B4A71F54-4208-435C-98E1-A0EAC4072642}.Release|Any CPU.Build.0 = Release|Any CPU
	EndGlobalSection
EndGlobal
