
Microsoft Visual Studio Solution File, Format Version 12.00
# Visual Studio 15
Project("{FAE04EC0-301F-11D3-BF4B-00C04F79EFBC}") = "A", "A\A.csproj", "{741A05A4-1D9B-42F4-88F0-1DF41B23E80F}"
EndProject
Project("{FAE04EC0-301F-11D3-BF4B-00C04F79EFBC}") = "B", "B\B.csproj", "{4BBB77C1-1696-4024-BE0A-03B994ECFE69}"
EndProject
Project("{FAE04EC0-301F-11D3-BF4B-00C04F79EFBC}") = "C", "C\C.csproj", "{A11C836A-0FD0-406B-8EA9-A37333683E53}"
EndProject
Project("{FAE04EC0-301F-11D3-BF4B-00C04F79EFBC}") = "D", "D\D.csproj", "{DA5AEC4B-88BA-449F-BA35-BDC0A7806000}"
EndProject
Project("{FAE04EC0-301F-11D3-BF4B-00C04F79EFBC}") = "E", "E\E.csproj", "{83F71FA1-1829-444A-95A3-61BE26E616DF}"
EndProject
Project("{FAE04EC0-301F-11D3-BF4B-00C04F79EFBC}") = "F", "F\F.csproj", "{51A24818-9BFE-4DFF-A9DC-D4466933331B}"
EndProject
Project("{FAE04EC0-301F-11D3-BF4B-00C04F79EFBC}") = "G", "G\G.csproj", "{6D87A5B2-1BA8-48C4-B23F-1DC518D9454D}"
EndProject
Project("{FAE04EC0-301F-11D3-BF4B-00C04F79EFBC}") = "H", "H\H.csproj", "{587F5EBC-3AED-4077-92CB-B2B1A3B1A257}"
EndProject
Project("{FAE04EC0-301F-11D3-BF4B-00C04F79EFBC}") = "I", "I\I.csproj", "{C6B479EC-9F56-472A-AFEB-3EFA59D98D86}"
EndProject
Project("{FAE04EC0-301F-11D3-BF4B-00C04F79EFBC}") = "J", "J\J.csproj", "{27624E36-2A66-4C5E-9227-236DE4A4AD78}"
EndProject
Global
	GlobalSection(SolutionConfigurationPlatforms) = preSolution
		Debug|Any CPU = Debug|Any CPU
		Release|Any CPU = Release|Any CPU
	EndGlobalSection
	GlobalSection(ProjectConfigurationPlatforms) = postSolution
		{741A05A4-1D9B-42F4-88F0-1DF41B23E80F}.Debug|Any CPU.ActiveCfg = Debug|Any CPU
		{741A05A4-1D9B-42F4-88F0-1DF41B23E80F}.Debug|Any CPU.Build.0 = Debug|Any CPU
		{741A05A4-1D9B-42F4-88F0-1DF41B23E80F}.Release|Any CPU.ActiveCfg = Release|Any CPU
		{741A05A4-1D9B-42F4-88F0-1DF41B23E80F}.Release|Any CPU.Build.0 = Release|Any CPU
		{4BBB77C1-1696-4024-BE0A-03B994ECFE69}.Debug|Any CPU.ActiveCfg = Debug|Any CPU
		{4BBB77C1-1696-4024-BE0A-03B994ECFE69}.Debug|Any CPU.Build.0 = Debug|Any CPU
		{4BBB77C1-1696-4024-BE0A-03B994ECFE69}.Release|Any CPU.ActiveCfg = Release|Any CPU
		{4BBB77C1-1696-4024-BE0A-03B994ECFE69}.Release|Any CPU.Build.0 = Release|Any CPU
		{A11C836A-0FD0-406B-8EA9-A37333683E53}.Debug|Any CPU.ActiveCfg = Debug|Any CPU
		{A11C836A-0FD0-406B-8EA9-A37333683E53}.Debug|Any CPU.Build.0 = Debug|Any CPU
		{A11C836A-0FD0-406B-8EA9-A37333683E53}.Release|Any CPU.ActiveCfg = Release|Any CPU
		{A11C836A-0FD0-406B-8EA9-A37333683E53}.Release|Any CPU.Build.0 = Release|Any CPU
		{DA5AEC4B-88BA-449F-BA35-BDC0A7806000}.Debug|Any CPU.ActiveCfg = Debug|Any CPU
		{DA5AEC4B-88BA-449F-BA35-BDC0A7806000}.Debug|Any CPU.Build.0 = Debug|Any CPU
		{DA5AEC4B-88BA-449F-BA35-BDC0A7806000}.Release|Any CPU.ActiveCfg = Release|Any CPU
		{DA5AEC4B-88BA-449F-BA35-BDC0A7806000}.Release|Any CPU.Build.0 = Release|Any CPU
		{83F71FA1-1829-444A-95A3-61BE26E616DF}.Debug|Any CPU.ActiveCfg = Debug|Any CPU
		{83F71FA1-1829-444A-95A3-61BE26E616DF}.Debug|Any CPU.Build.0 = Debug|Any CPU
		{83F71FA1-1829-444A-95A3-61BE26E616DF}.Release|Any CPU.ActiveCfg = Release|Any CPU
		{83F71FA1-1829-444A-95A3-61BE26E616DF}.Release|Any CPU.Build.0 = Release|Any CPU
		{51A24818-9BFE-4DFF-A9DC-D4466933331B}.Debug|Any CPU.ActiveCfg = Debug|Any CPU
		{51A24818-9BFE-4DFF-A9DC-D4466933331B}.Debug|Any CPU.Build.0 = Debug|Any CPU
		{51A24818-9BFE-4DFF-A9DC-D4466933331B}.Release|Any CPU.ActiveCfg = Release|Any CPU
		{51A24818-9BFE-4DFF-A9DC-D4466933331B}.Release|Any CPU.Build.0 = Release|Any CPU
		{6D87A5B2-1BA8-48C4-B23F-1DC518D9454D}.Debug|Any CPU.ActiveCfg = Debug|Any CPU
		{6D87A5B2-1BA8-48C4-B23F-1DC518D9454D}.Debug|Any CPU.Build.0 = Debug|Any CPU
		{6D87A5B2-1BA8-48C4-B23F-1DC518D9454D}.Release|Any CPU.ActiveCfg = Release|Any CPU
		{6D87A5B2-1BA8-48C4-B23F-1DC518D9454D}.Release|Any CPU.Build.0 = Release|Any CPU
		{587F5EBC-3AED-4077-92CB-B2B1A3B1A257}.Debug|Any CPU.ActiveCfg = Debug|Any CPU
		{587F5EBC-3AED-4077-92CB-B2B1A3B1A257}.Debug|Any CPU.Build.0 = Debug|Any CPU
		{587F5EBC-3AED-4077-92CB-B2B1A3B1A257}.Release|Any CPU.ActiveCfg = Release|Any CPU
		{587F5EBC-3AED-4077-92CB-B2B1A3B1A257}.Release|Any CPU.Build.0 = Release|Any CPU
		{C6B479EC-9F56-472A-AFEB-3EFA59D98D86}.Debug|Any CPU.ActiveCfg = Debug|Any CPU
		{C6B479EC-9F56-472A-AFEB-3EFA59D98D86}.Debug|Any CPU.Build.0 = Debug|Any CPU
		{C6B479EC-9F56-472A-AFEB-3EFA59D98D86}.Release|Any CPU.ActiveCfg = Release|Any CPU
		{C6B479EC-9F56-472A-AFEB-3EFA59D98D86}.Release|Any CPU.Build.0 = Release|Any CPU
		{27624E36-2A66-4C5E-9227-236DE4A4AD78}.Debug|Any CPU.ActiveCfg = Debug|Any CPU
		{27624E36-2A66-4C5E-9227-236DE4A4AD78}.Debug|Any CPU.Build.0 = Debug|Any CPU
		{27624E36-2A66-4C5E-9227-236DE4A4AD78}.Release|Any CPU.ActiveCfg = Release|Any CPU
		{27624E36-2A66-4C5E-9227-236DE4A4AD78}.Release|Any CPU.Build.0 = Release|Any CPU
	EndGlobalSection
EndGlobal
