
Microsoft Visual Studio Solution File, Format Version 12.00
# Visual Studio 15
Project("{FAE04EC0-301F-11D3-BF4B-00C04F79EFBC}") = "Task01", "Task01\Task01.csproj", "{86598749-13A6-494A-9AC0-BD05ED410C93}"
EndProject
Project("{FAE04EC0-301F-11D3-BF4B-00C04F79EFBC}") = "Task02", "Task02\Task02.csproj", "{68CB6483-3853-4182-973F-9BB037597591}"
EndProject
Project("{FAE04EC0-301F-11D3-BF4B-00C04F79EFBC}") = "Task03", "Task03\Task03.csproj", "{12764E6D-A7AD-482E-BDC3-2B6B7EF51F88}"
EndProject
Project("{FAE04EC0-301F-11D3-BF4B-00C04F79EFBC}") = "Task04", "Task04\Task04.csproj", "{FAAD1B13-C6EE-486E-9EC6-91223F0469FC}"
EndProject
Project("{FAE04EC0-301F-11D3-BF4B-00C04F79EFBC}") = "Task05", "Task05\Task05.csproj", "{21126B00-A02E-4A2B-9D30-FB57B799FBBF}"
EndProject
Project("{FAE04EC0-301F-11D3-BF4B-00C04F79EFBC}") = "Task06", "Task06\Task06.csproj", "{37017739-10BD-4E96-A23B-7A42D5E7B9CE}"
EndProject
Project("{FAE04EC0-301F-11D3-BF4B-00C04F79EFBC}") = "Task07", "Task07\Task07.csproj", "{53C01339-0121-4A69-9A81-58D739FE44C3}"
EndProject
Project("{FAE04EC0-301F-11D3-BF4B-00C04F79EFBC}") = "test", "test\test.csproj", "{7852BDAF-16E7-4D06-B3D7-F4E0A7A617EE}"
EndProject
Project("{FAE04EC0-301F-11D3-BF4B-00C04F79EFBC}") = "Task08", "Task08\Task08.csproj", "{087CD897-AE69-4F16-A274-856DACCD58B0}"
EndProject
Project("{FAE04EC0-301F-11D3-BF4B-00C04F79EFBC}") = "Task09", "Task09\Task09.csproj", "{59FF3980-C6DB-4F4B-87DF-DE0F7DC25209}"
EndProject
Global
	GlobalSection(SolutionConfigurationPlatforms) = preSolution
		Debug|Any CPU = Debug|Any CPU
		Release|Any CPU = Release|Any CPU
	EndGlobalSection
	GlobalSection(ProjectConfigurationPlatforms) = postSolution
		{86598749-13A6-494A-9AC0-BD05ED410C93}.Debug|Any CPU.ActiveCfg = Debug|Any CPU
		{86598749-13A6-494A-9AC0-BD05ED410C93}.Debug|Any CPU.Build.0 = Debug|Any CPU
		{86598749-13A6-494A-9AC0-BD05ED410C93}.Release|Any CPU.ActiveCfg = Release|Any CPU
		{86598749-13A6-494A-9AC0-BD05ED410C93}.Release|Any CPU.Build.0 = Release|Any CPU
		{68CB6483-3853-4182-973F-9BB037597591}.Debug|Any CPU.ActiveCfg = Debug|Any CPU
		{68CB6483-3853-4182-973F-9BB037597591}.Debug|Any CPU.Build.0 = Debug|Any CPU
		{68CB6483-3853-4182-973F-9BB037597591}.Release|Any CPU.ActiveCfg = Release|Any CPU
		{68CB6483-3853-4182-973F-9BB037597591}.Release|Any CPU.Build.0 = Release|Any CPU
		{12764E6D-A7AD-482E-BDC3-2B6B7EF51F88}.Debug|Any CPU.ActiveCfg = Debug|Any CPU
		{12764E6D-A7AD-482E-BDC3-2B6B7EF51F88}.Debug|Any CPU.Build.0 = Debug|Any CPU
		{12764E6D-A7AD-482E-BDC3-2B6B7EF51F88}.Release|Any CPU.ActiveCfg = Release|Any CPU
		{12764E6D-A7AD-482E-BDC3-2B6B7EF51F88}.Release|Any CPU.Build.0 = Release|Any CPU
		{FAAD1B13-C6EE-486E-9EC6-91223F0469FC}.Debug|Any CPU.ActiveCfg = Debug|Any CPU
		{FAAD1B13-C6EE-486E-9EC6-91223F0469FC}.Debug|Any CPU.Build.0 = Debug|Any CPU
		{FAAD1B13-C6EE-486E-9EC6-91223F0469FC}.Release|Any CPU.ActiveCfg = Release|Any CPU
		{FAAD1B13-C6EE-486E-9EC6-91223F0469FC}.Release|Any CPU.Build.0 = Release|Any CPU
		{21126B00-A02E-4A2B-9D30-FB57B799FBBF}.Debug|Any CPU.ActiveCfg = Debug|Any CPU
		{21126B00-A02E-4A2B-9D30-FB57B799FBBF}.Debug|Any CPU.Build.0 = Debug|Any CPU
		{21126B00-A02E-4A2B-9D30-FB57B799FBBF}.Release|Any CPU.ActiveCfg = Release|Any CPU
		{21126B00-A02E-4A2B-9D30-FB57B799FBBF}.Release|Any CPU.Build.0 = Release|Any CPU
		{37017739-10BD-4E96-A23B-7A42D5E7B9CE}.Debug|Any CPU.ActiveCfg = Debug|Any CPU
		{37017739-10BD-4E96-A23B-7A42D5E7B9CE}.Debug|Any CPU.Build.0 = Debug|Any CPU
		{37017739-10BD-4E96-A23B-7A42D5E7B9CE}.Release|Any CPU.ActiveCfg = Release|Any CPU
		{37017739-10BD-4E96-A23B-7A42D5E7B9CE}.Release|Any CPU.Build.0 = Release|Any CPU
		{53C01339-0121-4A69-9A81-58D739FE44C3}.Debug|Any CPU.ActiveCfg = Debug|Any CPU
		{53C01339-0121-4A69-9A81-58D739FE44C3}.Debug|Any CPU.Build.0 = Debug|Any CPU
		{53C01339-0121-4A69-9A81-58D739FE44C3}.Release|Any CPU.ActiveCfg = Release|Any CPU
		{53C01339-0121-4A69-9A81-58D739FE44C3}.Release|Any CPU.Build.0 = Release|Any CPU
		{7852BDAF-16E7-4D06-B3D7-F4E0A7A617EE}.Debug|Any CPU.ActiveCfg = Debug|Any CPU
		{7852BDAF-16E7-4D06-B3D7-F4E0A7A617EE}.Debug|Any CPU.Build.0 = Debug|Any CPU
		{7852BDAF-16E7-4D06-B3D7-F4E0A7A617EE}.Release|Any CPU.ActiveCfg = Release|Any CPU
		{7852BDAF-16E7-4D06-B3D7-F4E0A7A617EE}.Release|Any CPU.Build.0 = Release|Any CPU
		{087CD897-AE69-4F16-A274-856DACCD58B0}.Debug|Any CPU.ActiveCfg = Debug|Any CPU
		{087CD897-AE69-4F16-A274-856DACCD58B0}.Debug|Any CPU.Build.0 = Debug|Any CPU
		{087CD897-AE69-4F16-A274-856DACCD58B0}.Release|Any CPU.ActiveCfg = Release|Any CPU
		{087CD897-AE69-4F16-A274-856DACCD58B0}.Release|Any CPU.Build.0 = Release|Any CPU
		{59FF3980-C6DB-4F4B-87DF-DE0F7DC25209}.Debug|Any CPU.ActiveCfg = Debug|Any CPU
		{59FF3980-C6DB-4F4B-87DF-DE0F7DC25209}.Debug|Any CPU.Build.0 = Debug|Any CPU
		{59FF3980-C6DB-4F4B-87DF-DE0F7DC25209}.Release|Any CPU.ActiveCfg = Release|Any CPU
		{59FF3980-C6DB-4F4B-87DF-DE0F7DC25209}.Release|Any CPU.Build.0 = Release|Any CPU
	EndGlobalSection
EndGlobal
