
Microsoft Visual Studio Solution File, Format Version 12.00
# Visual Studio Version 16
VisualStudioVersion = 16.0.30907.101
MinimumVisualStudioVersion = 10.0.40219.1
Project("{FAE04EC0-301F-11D3-BF4B-00C04F79EFBC}") = "texteditor", "texteditor\texteditor.csproj", "{5D511EBF-2D0C-4A2B-877F-8D6F7EF19288}"
EndProject
Global
	GlobalSection(SolutionConfigurationPlatforms) = preSolution
		Debug|Any CPU = Debug|Any CPU
		Release|Any CPU = Release|Any CPU
	EndGlobalSection
	GlobalSection(ProjectConfigurationPlatforms) = postSolution
		{5D511EBF-2D0C-4A2B-877F-8D6F7EF19288}.Debug|Any CPU.ActiveCfg = Debug|Any CPU
		{5D511EBF-2D0C-4A2B-877F-8D6F7EF19288}.Debug|Any CPU.Build.0 = Debug|Any CPU
		{5D511EBF-2D0C-4A2B-877F-8D6F7EF19288}.Release|Any CPU.ActiveCfg = Release|Any CPU
		{5D511EBF-2D0C-4A2B-877F-8D6F7EF19288}.Release|Any CPU.Build.0 = Release|Any CPU
	EndGlobalSection
	GlobalSection(SolutionProperties) = preSolution
		HideSolutionNode = FALSE
	EndGlobalSection
	GlobalSection(ExtensibilityGlobals) = postSolution
		SolutionGuid = {4A1EDEFA-98B7-41DF-8474-F8C48C610363}
	EndGlobalSection
EndGlobal
