
Microsoft Visual Studio Solution File, Format Version 12.00
# Visual Studio 15
Project("{FAE04EC0-301F-11D3-BF4B-00C04F79EFBC}") = "Task01", "Task01\Task01.csproj", "{B77C594A-B1A4-4EFF-87C5-F4538D9F7B1D}"
EndProject
Project("{FAE04EC0-301F-11D3-BF4B-00C04F79EFBC}") = "Task02", "Task02\Task02.csproj", "{B838A15C-DD5D-4A6B-87B4-322271AE4BF0}"
EndProject
Project("{FAE04EC0-301F-11D3-BF4B-00C04F79EFBC}") = "Task03", "Task03\Task03.csproj", "{45491529-A895-4C66-AF33-09EE9E1CF0F6}"
EndProject
Global
	GlobalSection(SolutionConfigurationPlatforms) = preSolution
		Debug|Any CPU = Debug|Any CPU
		Release|Any CPU = Release|Any CPU
	EndGlobalSection
	GlobalSection(ProjectConfigurationPlatforms) = postSolution
		{B77C594A-B1A4-4EFF-87C5-F4538D9F7B1D}.Debug|Any CPU.ActiveCfg = Debug|Any CPU
		{B77C594A-B1A4-4EFF-87C5-F4538D9F7B1D}.Debug|Any CPU.Build.0 = Debug|Any CPU
		{B77C594A-B1A4-4EFF-87C5-F4538D9F7B1D}.Release|Any CPU.ActiveCfg = Release|Any CPU
		{B77C594A-B1A4-4EFF-87C5-F4538D9F7B1D}.Release|Any CPU.Build.0 = Release|Any CPU
		{B838A15C-DD5D-4A6B-87B4-322271AE4BF0}.Debug|Any CPU.ActiveCfg = Debug|Any CPU
		{B838A15C-DD5D-4A6B-87B4-322271AE4BF0}.Debug|Any CPU.Build.0 = Debug|Any CPU
		{B838A15C-DD5D-4A6B-87B4-322271AE4BF0}.Release|Any CPU.ActiveCfg = Release|Any CPU
		{B838A15C-DD5D-4A6B-87B4-322271AE4BF0}.Release|Any CPU.Build.0 = Release|Any CPU
		{45491529-A895-4C66-AF33-09EE9E1CF0F6}.Debug|Any CPU.ActiveCfg = Debug|Any CPU
		{45491529-A895-4C66-AF33-09EE9E1CF0F6}.Debug|Any CPU.Build.0 = Debug|Any CPU
		{45491529-A895-4C66-AF33-09EE9E1CF0F6}.Release|Any CPU.ActiveCfg = Release|Any CPU
		{45491529-A895-4C66-AF33-09EE9E1CF0F6}.Release|Any CPU.Build.0 = Release|Any CPU
	EndGlobalSection
EndGlobal
