
Microsoft Visual Studio Solution File, Format Version 12.00
# Visual Studio 15
Project("{FAE04EC0-301F-11D3-BF4B-00C04F79EFBC}") = "Task01", "Task01\Task01.csproj", "{91756758-3B10-46D6-B520-E3765AEA9470}"
EndProject
Global
	GlobalSection(SolutionConfigurationPlatforms) = preSolution
		Debug|Any CPU = Debug|Any CPU
		Release|Any CPU = Release|Any CPU
	EndGlobalSection
	GlobalSection(ProjectConfigurationPlatforms) = postSolution
		{91756758-3B10-46D6-B520-E3765AEA9470}.Debug|Any CPU.ActiveCfg = Debug|Any CPU
		{91756758-3B10-46D6-B520-E3765AEA9470}.Debug|Any CPU.Build.0 = Debug|Any CPU
		{91756758-3B10-46D6-B520-E3765AEA9470}.Release|Any CPU.ActiveCfg = Release|Any CPU
		{91756758-3B10-46D6-B520-E3765AEA9470}.Release|Any CPU.Build.0 = Release|Any CPU
	EndGlobalSection
EndGlobal
