
Microsoft Visual Studio Solution File, Format Version 12.00
# Visual Studio 15
Project("{FAE04EC0-301F-11D3-BF4B-00C04F79EFBC}") = "Task01", "Task01\Task01.csproj", "{B320DB54-4390-4FA7-AD54-AE6DDB257AD7}"
EndProject
Project("{FAE04EC0-301F-11D3-BF4B-00C04F79EFBC}") = "Task02", "Task02\Task02.csproj", "{4180A6FD-274E-4835-8E71-6EB3A6E4EAC4}"
EndProject
Global
	GlobalSection(SolutionConfigurationPlatforms) = preSolution
		Debug|Any CPU = Debug|Any CPU
		Release|Any CPU = Release|Any CPU
	EndGlobalSection
	GlobalSection(ProjectConfigurationPlatforms) = postSolution
		{B320DB54-4390-4FA7-AD54-AE6DDB257AD7}.Debug|Any CPU.ActiveCfg = Debug|Any CPU
		{B320DB54-4390-4FA7-AD54-AE6DDB257AD7}.Debug|Any CPU.Build.0 = Debug|Any CPU
		{B320DB54-4390-4FA7-AD54-AE6DDB257AD7}.Release|Any CPU.ActiveCfg = Release|Any CPU
		{B320DB54-4390-4FA7-AD54-AE6DDB257AD7}.Release|Any CPU.Build.0 = Release|Any CPU
		{4180A6FD-274E-4835-8E71-6EB3A6E4EAC4}.Debug|Any CPU.ActiveCfg = Debug|Any CPU
		{4180A6FD-274E-4835-8E71-6EB3A6E4EAC4}.Debug|Any CPU.Build.0 = Debug|Any CPU
		{4180A6FD-274E-4835-8E71-6EB3A6E4EAC4}.Release|Any CPU.ActiveCfg = Release|Any CPU
		{4180A6FD-274E-4835-8E71-6EB3A6E4EAC4}.Release|Any CPU.Build.0 = Release|Any CPU
	EndGlobalSection
EndGlobal
